{
  "name": "expense-tracker-frontend",
  "version": "1.0.0",
  "lockfileVersion": 3,
  "requires": true,
  "packages": {
    "": {
      "name": "expense-tracker-frontend",
      "version": "1.0.0",
      "devDependencies": {
        "custom-card-helpers": "^2.0.0",
        "home-assistant-js-websocket": "^9.6.0",
        "lit": "^3.3.3",
        "typescript": "^5.6.3"
      }
    },
    "node_modules/@formatjs/fast-memoize": {
      "version": "3.1.6",
      "resolved": "https://registry.npmjs.org/@formatjs/fast-memoize/-/fast-memoize-3.1.6.tgz",
      "integrity": "sha512-H5aexk1Le7T9TPmscacZ+1pR6CTa2n1wq+HDVGXhH8TzUlQQpeXzZs91dRtmFHrbeNbjPFPfQujUqm7MHgVoXQ==",
      "dev": true,
      "license": "MIT"
    },
    "node_modules/@formatjs/icu-messageformat-parser": {
      "version": "3.5.11",
      "resolved": "https://registry.npmjs.org/@formatjs/icu-messageformat-parser/-/icu-messageformat-parser-3.5.11.tgz",
      "integrity": "sha512-NVsuNsc2dUVG9+4HBJ/srScxtA/18LqGgwtop/tuN/OIBjVl6QA+0KhfZQddDD9sEh2LeVjLFPGVU3ixa3blcA==",
      "dev": true,
      "license": "MIT",
      "dependencies": {
        "@formatjs/icu-skeleton-parser": "2.1.10"
      }
    },
    "node_modules/@formatjs/icu-skeleton-parser": {
      "version": "2.1.10",
      "resolved": "https://registry.npmjs.org/@formatjs/icu-skeleton-parser/-/icu-skeleton-parser-2.1.10.tgz",
      "integrity": "sha512-XuSva+8ZGawk8VnD5VD6UeH8KarQ/Z022zgjHDoHmlNiAewstXuuzXc0Hk5pGFSdG+nNw5bfJKXqj1ZXHn9yUA==",
      "dev": true,
      "license": "MIT"
    },
    "node_modules/@formatjs/intl-utils": {
      "version": "3.8.4",
      "resolved": "https://registry.npmjs.org/@formatjs/intl-utils/-/intl-utils-3.8.4.tgz",
      "integrity": "sha512-j5C6NyfKevIxsfLK8KwO1C0vvP7k1+h4A9cFpc+cr6mEwCc1sPkr17dzh0Ke6k9U5pQccAQoXdcNBl3IYa4+ZQ==",
      "deprecated": "the package is rather renamed to @formatjs/ecma-abstract with some changes in functionality (primarily selectUnit is removed and we don't plan to make any further changes to this package",
      "dev": true,
      "license": "MIT",
      "dependencies": {
        "emojis-list": "^3.0.0"
      }
    },
    "node_modules/@lit-labs/ssr-dom-shim": {
      "version": "1.6.0",
      "resolved": "https://registry.npmjs.org/@lit-labs/ssr-dom-shim/-/ssr-dom-shim-1.6.0.tgz",
      "integrity": "sha512-VHb0ALPMTlgKjM6yIxxoQNnpKyUKLD04VzeQdsiXkMqkvYlAHxq9glGLmgbb889/1GsohSOAjvQYoiBppXFqrQ==",
      "dev": true,
      "license": "BSD-3-Clause"
    },
    "node_modules/@lit/reactive-element": {
      "version": "2.1.2",
      "resolved": "https://registry.npmjs.org/@lit/reactive-element/-/reactive-element-2.1.2.tgz",
      "integrity": "sha512-pbCDiVMnne1lYUIaYNN5wrwQXDtHaYtg7YEFPeW+hws6U47WeFvISGUWekPGKWOP1ygrs0ef0o1VJMk1exos5A==",
      "dev": true,
      "license": "BSD-3-Clause",
      "dependencies": {
        "@lit-labs/ssr-dom-shim": "^1.5.0"
      }
    },
    "node_modules/@types/trusted-types": {
      "version": "2.0.7",
      "resolved": "https://registry.npmjs.org/@types/trusted-types/-/trusted-types-2.0.7.tgz",
      "integrity": "sha512-ScaPdn1dQczgbl0QFTeTOmVHFULt394XJgOQNoyVhZ6r2vLnMLJfBPd53SB52T/3G36VI1/g2MZaX0cwDuXsfw==",
      "dev": true,
      "license": "MIT"
    },
    "node_modules/custom-card-helpers": {
      "version": "2.0.0",
      "resolved": "https://registry.npmjs.org/custom-card-helpers/-/custom-card-helpers-2.0.0.tgz",
      "integrity": "sha512-TrWc9lybHFrbdZFv1kzKaiFY/vYon08N1k4iUS8EDLIJObWP0K+B1lU0XCAG6Q/3euAyM5nn1QjUSvcnCYpNtg==",
      "dev": true,
      "license": "MIT",
      "dependencies": {
        "@formatjs/intl-utils": "^3.8.4",
        "home-assistant-js-websocket": "^9.6.0",
        "intl-messageformat": "^11.1.2",
        "superstruct": "^2.0.2"
      },
      "engines": {
        "node": ">=24",
        "npm": ">=11"
      },
      "peerDependencies": {
        "lit": ">=3.0.0"
      }
    },
    "node_modules/emojis-list": {
      "version": "3.0.0",
      "resolved": "https://registry.npmjs.org/emojis-list/-/emojis-list-3.0.0.tgz",
      "integrity": "sha512-/kyM18EfinwXZbno9FyUGeFh87KC8HRQBQGildHZbEuRyWFOmv1U10o9BBp8XVZDVNNuQKyIGIu5ZYAAXJ0V2Q==",
      "dev": true,
      "license": "MIT",
      "engines": {
        "node": ">= 4"
      }
    },
    "node_modules/home-assistant-js-websocket": {
      "version": "9.6.0",
      "resolved": "https://registry.npmjs.org/home-assistant-js-websocket/-/home-assistant-js-websocket-9.6.0.tgz",
      "integrity": "sha512-TK8HWW6UjCsUdjIBQRB2sBbEya0VniOBFqFjgqSznJiB7YriNgN8jghyThxOkgxwrnt2eN6oWoZMCTSp1o7H+w==",
      "dev": true,
      "license": "Apache-2.0"
    },
    "node_modules/intl-messageformat": {
      "version": "11.2.8",
      "resolved": "https://registry.npmjs.org/intl-messageformat/-/intl-messageformat-11.2.8.tgz",
      "integrity": "sha512-l323RCl3qJDVQ8U9j74ut/hVMdg3VPsOHpVMDvFfz9qiq4dPO5ooVYFNVUzzrpgG39a+RLzcXyJb8VFgIU+tUA==",
      "dev": true,
      "license": "BSD-3-Clause",
      "dependencies": {
        "@formatjs/fast-memoize": "3.1.6",
        "@formatjs/icu-messageformat-parser": "3.5.11"
      }
    },
    "node_modules/lit": {
      "version": "3.3.3",
      "resolved": "https://registry.npmjs.org/lit/-/lit-3.3.3.tgz",
      "integrity": "sha512-fycuvZg/hkpozL00lm1pEJH5nN/lr9ZXd6mJI2HSN4+Bzc+LDNdEApJ6HFbPkdFNHLvOplIIuJvxkS4XUxqirw==",
      "dev": true,
      "license": "BSD-3-Clause",
      "dependencies": {
        "@lit/reactive-element": "^2.1.0",
        "lit-element": "^4.2.0",
        "lit-html": "^3.3.0"
      }
    },
    "node_modules/lit-element": {
      "version": "4.2.2",
      "resolved": "https://registry.npmjs.org/lit-element/-/lit-element-4.2.2.tgz",
      "integrity": "sha512-aFKhNToWxoyhkNDmWZwEva2SlQia+jfG0fjIWV//YeTaWrVnOxD89dPKfigCUspXFmjzOEUQpOkejH5Ly6sG0w==",
      "dev": true,
      "license": "BSD-3-Clause",
      "dependencies": {
        "@lit-labs/ssr-dom-shim": "^1.5.0",
        "@lit/reactive-element": "^2.1.0",
        "lit-html": "^3.3.0"
      }
    },
    "node_modules/lit-html": {
      "version": "3.3.3",
      "resolved": "https://registry.npmjs.org/lit-html/-/lit-html-3.3.3.tgz",
      "integrity": "sha512-el8M6jK2o3RXBnrSHX3ZKrsN8zEV63pSExTO1wYJz7QndGYZ8353e2a5PPX+qHe2aGayfnchQmkAojaWAREOIA==",
      "dev": true,
      "license": "BSD-3-Clause",
      "dependencies": {
        "@types/trusted-types": "^2.0.2"
      }
    },
    "node_modules/superstruct": {
      "version": "2.0.2",
      "resolved": "https://registry.npmjs.org/superstruct/-/superstruct-2.0.2.tgz",
      "integrity": "sha512-uV+TFRZdXsqXTL2pRvujROjdZQ4RAlBUS5BTh9IGm+jTqQntYThciG/qu57Gs69yjnVUSqdxF9YLmSnpupBW9A==",
      "dev": true,
      "license": "MIT",
      "engines": {
        "node": ">=14.0.0"
      }
    },
    "node_modules/typescript": {
      "version": "5.9.3",
      "resolved": "https://registry.npmjs.org/typescript/-/typescript-5.9.3.tgz",
      "integrity": "sha512-jl1vZzPDinLr9eUt3J/t7V6FgNEw9QjvBPdysz9KfQDD41fQrC2Y4vKQdiaUpFT4bXlb1RHhLpp8wtm6M5TgSw==",
      "dev": true,
      "license": "Apache-2.0",
      "bin": {
        "tsc": "bin/tsc",
        "tsserver": "bin/tsserver"
      },
      "engines": {
        "node": ">=14.17"
      }
    }
  }
}
